github.com/jmooring/hugo-module-feature-test v0.11.0 h1:8krmgB48GfxIYe+CfaYCIAZQ7Ze/EJBNc46cX1lv1Ck=
github.com/jmooring/hugo-module-feature-test v0.11.0/go.mod h1:6dpl5tFY0LV2DCXNt0H40hN6sEncF2robyG/rQDczHg=
github.com/jmooring/hugo-module-feature-test v0.21.0 h1:e0xaXbWeZLINNMxqoMGgVrXSKNWLhhcFOQ7J/N3f4cY=
github.com/jmooring/hugo-module-feature-test v0.21.0/go.mod h1:6dpl5tFY0LV2DCXNt0H40hN6sEncF2robyG/rQDczHg=
